
Microsoft Visual Studio Solution File, Format Version 12.00
# Visual Studio Version 17
VisualStudioVersion = 17.13.35806.99 d17.13
MinimumVisualStudioVersion = 10.0.40219.1
Project("{FAE04EC0-301F-11D3-BF4B-00C04F79EFBC}") = "Reservacion_De_Citas", "Reservacion_De_Citas\Reservacion_De_Citas.csproj", "{77C6847B-05E0-4D8B-AF51-4518C8E7C8A0}"
EndProject
Project("{FAE04EC0-301F-11D3-BF4B-00C04F79EFBC}") = "Clases", "Clases\Clases.csproj", "{45E22E1C-0399-4A17-BFDD-377671339DAA}"
EndProject
Global
	GlobalSection(SolutionConfigurationPlatforms) = preSolution
		Debug|Any CPU = Debug|Any CPU
		Release|Any CPU = Release|Any CPU
	EndGlobalSection
	GlobalSection(ProjectConfigurationPlatforms) = postSolution
		{77C6847B-05E0-4D8B-AF51-4518C8E7C8A0}.Debug|Any CPU.ActiveCfg = Debug|Any CPU
		{77C6847B-05E0-4D8B-AF51-4518C8E7C8A0}.Debug|Any CPU.Build.0 = Debug|Any CPU
		{77C6847B-05E0-4D8B-AF51-4518C8E7C8A0}.Release|Any CPU.ActiveCfg = Release|Any CPU
		{77C6847B-05E0-4D8B-AF51-4518C8E7C8A0}.Release|Any CPU.Build.0 = Release|Any CPU
		{45E22E1C-0399-4A17-BFDD-377671339DAA}.Debug|Any CPU.ActiveCfg = Debug|Any CPU
		{45E22E1C-0399-4A17-BFDD-377671339DAA}.Debug|Any CPU.Build.0 = Debug|Any CPU
		{45E22E1C-0399-4A17-BFDD-377671339DAA}.Release|Any CPU.ActiveCfg = Release|Any CPU
		{45E22E1C-0399-4A17-BFDD-377671339DAA}.Release|Any CPU.Build.0 = Release|Any CPU
	EndGlobalSection
	GlobalSection(SolutionProperties) = preSolution
		HideSolutionNode = FALSE
	EndGlobalSection
	GlobalSection(ExtensibilityGlobals) = postSolution
		SolutionGuid = {4EC508B0-46CA-4511-BF50-45FC5D71A2A3}
	EndGlobalSection
EndGlobal
